
Microsoft Visual Studio Solution File, Format Version 12.00
# Visual Studio Version 17
VisualStudioVersion = 17.0.31903.59
MinimumVisualStudioVersion = 10.0.40219.1
Project("{FAE04EC0-301F-11D3-BF4B-00C04F79EFBC}") = "TextAnalyzerAPI", "TextAnalyzerAPI\TextAnalyzerAPI.csproj", "{3716CEFA-20AC-4156-9B27-88ED9AD4AA8C}"
EndProject
Project("{FAE04EC0-301F-11D3-BF4B-00C04F79EFBC}") = "TextAnalyzerAPI.Domain", "TextAnalyzerAPI.Domain\TextAnalyzerAPI.Domain.csproj", "{ACFD21ED-3C06-4D38-8FBE-2DFA7C5AD5C8}"
EndProject
Project("{FAE04EC0-301F-11D3-BF4B-00C04F79EFBC}") = "TextAnalyzerAPI.Application", "TextAnalyzerAPI.Application\TextAnalyzerAPI.Application.csproj", "{36DFADF2-9795-46BA-A666-50B9BC4AA4A9}"
EndProject
Project("{FAE04EC0-301F-11D3-BF4B-00C04F79EFBC}") = "TextAnalyzerAPI.Infrastructure", "TextAnalyzerAPI.Infrastructure\TextAnalyzerAPI.Infrastructure.csproj", "{39697290-2E86-4C90-A799-79A18DD06185}"
EndProject
Global
	GlobalSection(SolutionConfigurationPlatforms) = preSolution
		Debug|Any CPU = Debug|Any CPU
		Debug|x64 = Debug|x64
		Debug|x86 = Debug|x86
		Release|Any CPU = Release|Any CPU
		Release|x64 = Release|x64
		Release|x86 = Release|x86
	EndGlobalSection
	GlobalSection(ProjectConfigurationPlatforms) = postSolution
		{3716CEFA-20AC-4156-9B27-88ED9AD4AA8C}.Debug|Any CPU.ActiveCfg = Debug|Any CPU
		{3716CEFA-20AC-4156-9B27-88ED9AD4AA8C}.Debug|Any CPU.Build.0 = Debug|Any CPU
		{3716CEFA-20AC-4156-9B27-88ED9AD4AA8C}.Debug|x64.ActiveCfg = Debug|Any CPU
		{3716CEFA-20AC-4156-9B27-88ED9AD4AA8C}.Debug|x64.Build.0 = Debug|Any CPU
		{3716CEFA-20AC-4156-9B27-88ED9AD4AA8C}.Debug|x86.ActiveCfg = Debug|Any CPU
		{3716CEFA-20AC-4156-9B27-88ED9AD4AA8C}.Debug|x86.Build.0 = Debug|Any CPU
		{3716CEFA-20AC-4156-9B27-88ED9AD4AA8C}.Release|Any CPU.ActiveCfg = Release|Any CPU
		{3716CEFA-20AC-4156-9B27-88ED9AD4AA8C}.Release|Any CPU.Build.0 = Release|Any CPU
		{3716CEFA-20AC-4156-9B27-88ED9AD4AA8C}.Release|x64.ActiveCfg = Release|Any CPU
		{3716CEFA-20AC-4156-9B27-88ED9AD4AA8C}.Release|x64.Build.0 = Release|Any CPU
		{3716CEFA-20AC-4156-9B27-88ED9AD4AA8C}.Release|x86.ActiveCfg = Release|Any CPU
		{3716CEFA-20AC-4156-9B27-88ED9AD4AA8C}.Release|x86.Build.0 = Release|Any CPU
		{ACFD21ED-3C06-4D38-8FBE-2DFA7C5AD5C8}.Debug|Any CPU.ActiveCfg = Debug|Any CPU
		{ACFD21ED-3C06-4D38-8FBE-2DFA7C5AD5C8}.Debug|Any CPU.Build.0 = Debug|Any CPU
		{ACFD21ED-3C06-4D38-8FBE-2DFA7C5AD5C8}.Debug|x64.ActiveCfg = Debug|Any CPU
		{ACFD21ED-3C06-4D38-8FBE-2DFA7C5AD5C8}.Debug|x64.Build.0 = Debug|Any CPU
		{ACFD21ED-3C06-4D38-8FBE-2DFA7C5AD5C8}.Debug|x86.ActiveCfg = Debug|Any CPU
		{ACFD21ED-3C06-4D38-8FBE-2DFA7C5AD5C8}.Debug|x86.Build.0 = Debug|Any CPU
		{ACFD21ED-3C06-4D38-8FBE-2DFA7C5AD5C8}.Release|Any CPU.ActiveCfg = Release|Any CPU
		{ACFD21ED-3C06-4D38-8FBE-2DFA7C5AD5C8}.Release|Any CPU.Build.0 = Release|Any CPU
		{ACFD21ED-3C06-4D38-8FBE-2DFA7C5AD5C8}.Release|x64.ActiveCfg = Release|Any CPU
		{ACFD21ED-3C06-4D38-8FBE-2DFA7C5AD5C8}.Release|x64.Build.0 = Release|Any CPU
		{ACFD21ED-3C06-4D38-8FBE-2DFA7C5AD5C8}.Release|x86.ActiveCfg = Release|Any CPU
		{ACFD21ED-3C06-4D38-8FBE-2DFA7C5AD5C8}.Release|x86.Build.0 = Release|Any CPU
		{36DFADF2-9795-46BA-A666-50B9BC4AA4A9}.Debug|Any CPU.ActiveCfg = Debug|Any CPU
		{36DFADF2-9795-46BA-A666-50B9BC4AA4A9}.Debug|Any CPU.Build.0 = Debug|Any CPU
		{36DFADF2-9795-46BA-A666-50B9BC4AA4A9}.Debug|x64.ActiveCfg = Debug|Any CPU
		{36DFADF2-9795-46BA-A666-50B9BC4AA4A9}.Debug|x64.Build.0 = Debug|Any CPU
		{36DFADF2-9795-46BA-A666-50B9BC4AA4A9}.Debug|x86.ActiveCfg = Debug|Any CPU
		{36DFADF2-9795-46BA-A666-50B9BC4AA4A9}.Debug|x86.Build.0 = Debug|Any CPU
		{36DFADF2-9795-46BA-A666-50B9BC4AA4A9}.Release|Any CPU.ActiveCfg = Release|Any CPU
		{36DFADF2-9795-46BA-A666-50B9BC4AA4A9}.Release|Any CPU.Build.0 = Release|Any CPU
		{36DFADF2-9795-46BA-A666-50B9BC4AA4A9}.Release|x64.ActiveCfg = Release|Any CPU
		{36DFADF2-9795-46BA-A666-50B9BC4AA4A9}.Release|x64.Build.0 = Release|Any CPU
		{36DFADF2-9795-46BA-A666-50B9BC4AA4A9}.Release|x86.ActiveCfg = Release|Any CPU
		{36DFADF2-9795-46BA-A666-50B9BC4AA4A9}.Release|x86.Build.0 = Release|Any CPU
		{39697290-2E86-4C90-A799-79A18DD06185}.Debug|Any CPU.ActiveCfg = Debug|Any CPU
		{39697290-2E86-4C90-A799-79A18DD06185}.Debug|Any CPU.Build.0 = Debug|Any CPU
		{39697290-2E86-4C90-A799-79A18DD06185}.Debug|x64.ActiveCfg = Debug|Any CPU
		{39697290-2E86-4C90-A799-79A18DD06185}.Debug|x64.Build.0 = Debug|Any CPU
		{39697290-2E86-4C90-A799-79A18DD06185}.Debug|x86.ActiveCfg = Debug|Any CPU
		{39697290-2E86-4C90-A799-79A18DD06185}.Debug|x86.Build.0 = Debug|Any CPU
		{39697290-2E86-4C90-A799-79A18DD06185}.Release|Any CPU.ActiveCfg = Release|Any CPU
		{39697290-2E86-4C90-A799-79A18DD06185}.Release|Any CPU.Build.0 = Release|Any CPU
		{39697290-2E86-4C90-A799-79A18DD06185}.Release|x64.ActiveCfg = Release|Any CPU
		{39697290-2E86-4C90-A799-79A18DD06185}.Release|x64.Build.0 = Release|Any CPU
		{39697290-2E86-4C90-A799-79A18DD06185}.Release|x86.ActiveCfg = Release|Any CPU
		{39697290-2E86-4C90-A799-79A18DD06185}.Release|x86.Build.0 = Release|Any CPU
	EndGlobalSection
	GlobalSection(SolutionProperties) = preSolution
		HideSolutionNode = FALSE
	EndGlobalSection
EndGlobal
